// !$*UTF8*$!
{
	archiveVersion = 1;
	classes = {
	};
	objectVersion = 46;
	objects = {

/* Begin PBXBuildFile section */
		EA23933B1B4666F10021FB0D /* main.m in Sources */ = {isa = PBXBuildFile; fileRef = EA23933A1B4666F10021FB0D /* main.m */; };
		EA23933E1B4666F10021FB0D /* AppDelegate.m in Sources */ = {isa = PBXBuildFile; fileRef = EA23933D1B4666F10021FB0D /* AppDelegate.m */; };
		EA2393411B4666F10021FB0D /* FDQRCodeScanController.m in Sources */ = {isa = PBXBuildFile; fileRef = EA2393401B4666F10021FB0D /* FDQRCodeScanController.m */; };
		EA2393441B4666F10021FB0D /* Main.storyboard in Resources */ = {isa = PBXBuildFile; fileRef = EA2393421B4666F10021FB0D /* Main.storyboard */; };
		EA2393461B4666F10021FB0D /* Images.xcassets in Resources */ = {isa = PBXBuildFile; fileRef = EA2393451B4666F10021FB0D /* Images.xcassets */; };
		EA2393491B4666F10021FB0D /* LaunchScreen.xib in Resources */ = {isa = PBXBuildFile; fileRef = EA2393471B4666F10021FB0D /* LaunchScreen.xib */; };
		EA2393551B4666F10021FB0D /* FDQRCodeScanDemoTests.m in Sources */ = {isa = PBXBuildFile; fileRef = EA2393541B4666F10021FB0D /* FDQRCodeScanDemoTests.m */; };
		EA2393601B4667480021FB0D /* AVFoundation.framework in Frameworks */ = {isa = PBXBuildFile; fileRef = EA23935F1B4667480021FB0D /* AVFoundation.framework */; };
		EA2393631B4A0B140021FB0D /* scanning-line@2x.png in Resources */ = {isa = PBXBuildFile; fileRef = EA2393621B4A0B140021FB0D /* scanning-line@2x.png */; };
/* End PBXBuildFile section */

/* Begin PBXContainerItemProxy section */
		EA23934F1B4666F10021FB0D /* PBXContainerItemProxy */ = {
			isa = PBXContainerItemProxy;
			containerPortal = EA23932D1B4666F10021FB0D /* Project object */;
			proxyType = 1;
			remoteGlobalIDString = EA2393341B4666F10021FB0D;
			remoteInfo = FDQRCodeScanDemo;
		};
/* End PBXContainerItemProxy section */

/* Begin PBXFileReference section */
		EA2393351B4666F10021FB0D /* FDQRCodeScanDemo.app */ = {isa = PBXFileReference; explicitFileType = wrapper.application; includeInIndex = 0; path = FDQRCodeScanDemo.app; sourceTree = BUILT_PRODUCTS_DIR; };
		EA2393391B4666F10021FB0D /* Info.plist */ = {isa = PBXFileReference; lastKnownFileType = text.plist.xml; path = Info.plist; sourceTree = "<group>"; };
		EA23933A1B4666F10021FB0D /* main.m */ = {isa = PBXFileReference; lastKnownFileType = sourcecode.c.objc; path = main.m; sourceTree = "<group>"; };
		EA23933C1B4666F10021FB0D /* AppDelegate.h */ = {isa = PBXFileReference; lastKnownFileType = sourcecode.c.h; path = AppDelegate.h; sourceTree = "<group>"; };
		EA23933D1B4666F10021FB0D /* AppDelegate.m */ = {isa = PBXFileReference; lastKnownFileType = sourcecode.c.objc; path = AppDelegate.m; sourceTree = "<group>"; };
		EA23933F1B4666F10021FB0D /* FDQRCodeScanController.h */ = {isa = PBXFileReference; lastKnownFileType = sourcecode.c.h; path = FDQRCodeScanController.h; sourceTree = "<group>"; };
		EA2393401B4666F10021FB0D /* FDQRCodeScanController.m */ = {isa = PBXFileReference; lastKnownFileType = sourcecode.c.objc; path = FDQRCodeScanController.m; sourceTree = "<group>"; };
		EA2393431B4666F10021FB0D /* Base */ = {isa = PBXFileReference; lastKnownFileType = file.storyboard; name = Base; path = Base.lproj/Main.storyboard; sourceTree = "<group>"; };
		EA2393451B4666F10021FB0D /* Images.xcassets */ = {isa = PBXFileReference; lastKnownFileType = folder.assetcatalog; path = Images.xcassets; sourceTree = "<group>"; };
		EA2393481B4666F10021FB0D /* Base */ = {isa = PBXFileReference; lastKnownFileType = file.xib; name = Base; path = Base.lproj/LaunchScreen.xib; sourceTree = "<group>"; };
		EA23934E1B4666F10021FB0D /* FDQRCodeScanDemoTests.xctest */ = {isa = PBXFileReference; explicitFileType = wrapper.cfbundle; includeInIndex = 0; path = FDQRCodeScanDemoTests.xctest; sourceTree = BUILT_PRODUCTS_DIR; };
		EA2393531B4666F10021FB0D /* Info.plist */ = {isa = PBXFileReference; lastKnownFileType = text.plist.xml; path = Info.plist; sourceTree = "<group>"; };
		EA2393541B4666F10021FB0D /* FDQRCodeScanDemoTests.m */ = {isa = PBXFileReference; lastKnownFileType = sourcecode.c.objc; path = FDQRCodeScanDemoTests.m; sourceTree = "<group>"; };
		EA23935F1B4667480021FB0D /* AVFoundation.framework */ = {isa = PBXFileReference; lastKnownFileType = wrapper.framework; name = AVFoundation.framework; path = System/Library/Frameworks/AVFoundation.framework; sourceTree = SDKROOT; };
		EA2393621B4A0B140021FB0D /* scanning-line@2x.png */ = {isa = PBXFileReference; lastKnownFileType = image.png; path = "scanning-line@2x.png"; sourceTree = "<group>"; };
/* End PBXFileReference section */

/* Begin PBXFrameworksBuildPhase section */
		EA2393321B4666F10021FB0D /* Frameworks */ = {
			isa = PBXFrameworksBuildPhase;
			buildActionMask = 2147483647;
			files = (
				EA2393601B4667480021FB0D /* AVFoundation.framework in Frameworks */,
			);
			runOnlyForDeploymentPostprocessing = 0;
		};
		EA23934B1B4666F10021FB0D /* Frameworks */ = {
			isa = PBXFrameworksBuildPhase;
			buildActionMask = 2147483647;
			files = (
			);
			runOnlyForDeploymentPostprocessing = 0;
		};
/* End PBXFrameworksBuildPhase section */

/* Begin PBXGroup section */
		EA23932C1B4666F10021FB0D = {
			isa = PBXGroup;
			children = (
				EA2393371B4666F10021FB0D /* FDQRCodeScanDemo */,
				EA2393511B4666F10021FB0D /* FDQRCodeScanDemoTests */,
				EA2393361B4666F10021FB0D /* Products */,
				EA23935E1B46670E0021FB0D /* Frameworks */,
			);
			sourceTree = "<group>";
		};
		EA2393361B4666F10021FB0D /* Products */ = {
			isa = PBXGroup;
			children = (
				EA2393351B4666F10021FB0D /* FDQRCodeScanDemo.app */,
				EA23934E1B4666F10021FB0D /* FDQRCodeScanDemoTests.xctest */,
			);
			name = Products;
			sourceTree = "<group>";
		};
		EA2393371B4666F10021FB0D /* FDQRCodeScanDemo */ = {
			isa = PBXGroup;
			children = (
				EA2393611B4A0AF60021FB0D /* Resource */,
				EA23933C1B4666F10021FB0D /* AppDelegate.h */,
				EA23933D1B4666F10021FB0D /* AppDelegate.m */,
				EA23933F1B4666F10021FB0D /* FDQRCodeScanController.h */,
				EA2393401B4666F10021FB0D /* FDQRCodeScanController.m */,
				EA2393421B4666F10021FB0D /* Main.storyboard */,
				EA2393451B4666F10021FB0D /* Images.xcassets */,
				EA2393471B4666F10021FB0D /* LaunchScreen.xib */,
				EA2393381B4666F10021FB0D /* Supporting Files */,
			);
			path = FDQRCodeScanDemo;
			sourceTree = "<group>";
		};
		EA2393381B4666F10021FB0D /* Supporting Files */ = {
			isa = PBXGroup;
			children = (
				EA2393391B4666F10021FB0D /* Info.plist */,
				EA23933A1B4666F10021FB0D /* main.m */,
			);
			name = "Supporting Files";
			sourceTree = "<group>";
		};
		EA2393511B4666F10021FB0D /* FDQRCodeScanDemoTests */ = {
			isa = PBXGroup;
			children = (
				EA2393541B4666F10021FB0D /* FDQRCodeScanDemoTests.m */,
				EA2393521B4666F10021FB0D /* Supporting Files */,
			);
			path = FDQRCodeScanDemoTests;
			sourceTree = "<group>";
		};
		EA2393521B4666F10021FB0D /* Supporting Files */ = {
			isa = PBXGroup;
			children = (
				EA2393531B4666F10021FB0D /* Info.plist */,
			);
			name = "Supporting Files";
			sourceTree = "<group>";
		};
		EA23935E1B46670E0021FB0D /* Frameworks */ = {
			isa = PBXGroup;
			children = (
				EA23935F1B4667480021FB0D /* AVFoundation.framework */,
			);
			name = Frameworks;
			sourceTree = "<group>";
		};
		EA2393611B4A0AF60021FB0D /* Resource */ = {
			isa = PBXGroup;
			children = (
				EA2393621B4A0B140021FB0D /* scanning-line@2x.png */,
			);
			name = Resource;
			sourceTree = "<group>";
		};
/* End PBXGroup section */

/* Begin PBXNativeTarget section */
		EA2393341B4666F10021FB0D /* FDQRCodeScanDemo */ = {
			isa = PBXNativeTarget;
			buildConfigurationList = EA2393581B4666F10021FB0D /* Build configuration list for PBXNativeTarget "FDQRCodeScanDemo" */;
			buildPhases = (
				EA2393311B4666F10021FB0D /* Sources */,
				EA2393321B4666F10021FB0D /* Frameworks */,
				EA2393331B4666F10021FB0D /* Resources */,
			);
			buildRules = (
			);
			dependencies = (
			);
			name = FDQRCodeScanDemo;
			productName = FDQRCodeScanDemo;
			productReference = EA2393351B4666F10021FB0D /* FDQRCodeScanDemo.app */;
			productType = "com.apple.product-type.application";
		};
		EA23934D1B4666F10021FB0D /* FDQRCodeScanDemoTests */ = {
			isa = PBXNativeTarget;
			buildConfigurationList = EA23935B1B4666F10021FB0D /* Build configuration list for PBXNativeTarget "FDQRCodeScanDemoTests" */;
			buildPhases = (
				EA23934A1B4666F10021FB0D /* Sources */,
				EA23934B1B4666F10021FB0D /* Frameworks */,
				EA23934C1B4666F10021FB0D /* Resources */,
			);
			buildRules = (
			);
			dependencies = (
				EA2393501B4666F10021FB0D /* PBXTargetDependency */,
			);
			name = FDQRCodeScanDemoTests;
			productName = FDQRCodeScanDemoTests;
			productReference = EA23934E1B4666F10021FB0D /* FDQRCodeScanDemoTests.xctest */;
			productType = "com.apple.product-type.bundle.unit-test";
		};
/* End PBXNativeTarget section */

/* Begin PBXProject section */
		EA23932D1B4666F10021FB0D /* Project object */ = {
			isa = PBXProject;
			attributes = {
				LastUpgradeCheck = 0630;
				ORGANIZATIONNAME = fergusding;
				TargetAttributes = {
					EA2393341B4666F10021FB0D = {
						CreatedOnToolsVersion = 6.3.1;
					};
					EA23934D1B4666F10021FB0D = {
						CreatedOnToolsVersion = 6.3.1;
						TestTargetID = EA2393341B4666F10021FB0D;
					};
				};
			};
			buildConfigurationList = EA2393301B4666F10021FB0D /* Build configuration list for PBXProject "FDQRCodeScanDemo" */;
			compatibilityVersion = "Xcode 3.2";
			developmentRegion = English;
			hasScannedForEncodings = 0;
			knownRegions = (
				en,
				Base,
			);
			mainGroup = EA23932C1B4666F10021FB0D;
			productRefGroup = EA2393361B4666F10021FB0D /* Products */;
			projectDirPath = "";
			projectRoot = "";
			targets = (
				EA2393341B4666F10021FB0D /* FDQRCodeScanDemo */,
				EA23934D1B4666F10021FB0D /* FDQRCodeScanDemoTests */,
			);
		};
/* End PBXProject section */

/* Begin PBXResourcesBuildPhase section */
		EA2393331B4666F10021FB0D /* Resources */ = {
			isa = PBXResourcesBuildPhase;
			buildActionMask = 2147483647;
			files = (
				EA2393441B4666F10021FB0D /* Main.storyboard in Resources */,
				EA2393491B4666F10021FB0D /* LaunchScreen.xib in Resources */,
				EA2393461B4666F10021FB0D /* Images.xcassets in Resources */,
				EA2393631B4A0B140021FB0D /* scanning-line@2x.png in Resources */,
			);
			runOnlyForDeploymentPostprocessing = 0;
		};
		EA23934C1B4666F10021FB0D /* Resources */ = {
			isa = PBXResourcesBuildPhase;
			buildActionMask = 2147483647;
			files = (
			);
			runOnlyForDeploymentPostprocessing = 0;
		};
/* End PBXResourcesBuildPhase section */

/* Begin PBXSourcesBuildPhase section */
		EA2393311B4666F10021FB0D /* Sources */ = {
			isa = PBXSourcesBuildPhase;
			buildActionMask = 2147483647;
			files = (
				EA2393411B4666F10021FB0D /* FDQRCodeScanController.m in Sources */,
				EA23933E1B4666F10021FB0D /* AppDelegate.m in Sources */,
				EA23933B1B4666F10021FB0D /* main.m in Sources */,
			);
			runOnlyForDeploymentPostprocessing = 0;
		};
		EA23934A1B4666F10021FB0D /* Sources */ = {
			isa = PBXSourcesBuildPhase;
			buildActionMask = 2147483647;
			files = (
				EA2393551B4666F10021FB0D /* FDQRCodeScanDemoTests.m in Sources */,
			);
			runOnlyForDeploymentPostprocessing = 0;
		};
/* End PBXSourcesBuildPhase section */

/* Begin PBXTargetDependency section */
		EA2393501B4666F10021FB0D /* PBXTargetDependency */ = {
			isa = PBXTargetDependency;
			target = EA2393341B4666F10021FB0D /* FDQRCodeScanDemo */;
			targetProxy = EA23934F1B4666F10021FB0D /* PBXContainerItemProxy */;
		};
/* End PBXTargetDependency section */

/* Begin PBXVariantGroup section */
		EA2393421B4666F10021FB0D /* Main.storyboard */ = {
			isa = PBXVariantGroup;
			children = (
				EA2393431B4666F10021FB0D /* Base */,
			);
			name = Main.storyboard;
			sourceTree = "<group>";
		};
		EA2393471B4666F10021FB0D /* LaunchScreen.xib */ = {
			isa = PBXVariantGroup;
			children = (
				EA2393481B4666F10021FB0D /* Base */,
			);
			name = LaunchScreen.xib;
			sourceTree = "<group>";
		};
/* End PBXVariantGroup section */

/* Begin XCBuildConfiguration section */
		EA2393561B4666F10021FB0D /* Debug */ = {
			isa = XCBuildConfiguration;
			buildSettings = {
				ALWAYS_SEARCH_USER_PATHS = NO;
				CLANG_CXX_LANGUAGE_STANDARD = "gnu++0x";
				CLANG_CXX_LIBRARY = "libc++";
				CLANG_ENABLE_MODULES = YES;
				CLANG_ENABLE_OBJC_ARC = YES;
				CLANG_WARN_BOOL_CONVERSION = YES;
				CLANG_WARN_CONSTANT_CONVERSION = YES;
				CLANG_WARN_DIRECT_OBJC_ISA_USAGE = YES_ERROR;
				CLANG_WARN_EMPTY_BODY = YES;
				CLANG_WARN_ENUM_CONVERSION = YES;
				CLANG_WARN_INT_CONVERSION = YES;
				CLANG_WARN_OBJC_ROOT_CLASS = YES_ERROR;
				CLANG_WARN_UNREACHABLE_CODE = YES;
				CLANG_WARN__DUPLICATE_METHOD_MATCH = YES;
				"CODE_SIGN_IDENTITY[sdk=iphoneos*]" = "iPhone Developer";
				COPY_PHASE_STRIP = NO;
				DEBUG_INFORMATION_FORMAT = "dwarf-with-dsym";
				ENABLE_STRICT_OBJC_MSGSEND = YES;
				GCC_C_LANGUAGE_STANDARD = gnu99;
				GCC_DYNAMIC_NO_PIC = NO;
				GCC_NO_COMMON_BLOCKS = YES;
				GCC_OPTIMIZATION_LEVEL = 0;
				GCC_PREPROCESSOR_DEFINITIONS = (
					"DEBUG=1",
					"$(inherited)",
				);
				GCC_SYMBOLS_PRIVATE_EXTERN = NO;
				GCC_WARN_64_TO_32_BIT_CONVERSION = YES;
				GCC_WARN_ABOUT_RETURN_TYPE = YES_ERROR;
				GCC_WARN_UNDECLARED_SELECTOR = YES;
				GCC_WARN_UNINITIALIZED_AUTOS = YES_AGGRESSIVE;
				GCC_WARN_UNUSED_FUNCTION = YES;
				GCC_WARN_UNUSED_VARIABLE = YES;
				IPHONEOS_DEPLOYMENT_TARGET = 8.3;
				MTL_ENABLE_DEBUG_INFO = YES;
				ONLY_ACTIVE_ARCH = YES;
				SDKROOT = iphoneos;
				TARGETED_DEVICE_FAMILY = "1,2";
			};
			name = Debug;
		};
		EA2393571B4666F10021FB0D /* Release */ = {
			isa = XCBuildConfiguration;
			buildSettings = {
				ALWAYS_SEARCH_USER_PATHS = NO;
				CLANG_CXX_LANGUAGE_STANDARD = "gnu++0x";
				CLANG_CXX_LIBRARY = "libc++";
				CLANG_ENABLE_MODULES = YES;
				CLANG_ENABLE_OBJC_ARC = YES;
				CLANG_WARN_BOOL_CONVERSION = YES;
				CLANG_WARN_CONSTANT_CONVERSION = YES;
				CLANG_WARN_DIRECT_OBJC_ISA_USAGE = YES_ERROR;
				CLANG_WARN_EMPTY_BODY = YES;
				CLANG_WARN_ENUM_CONVERSION = YES;
				CLANG_WARN_INT_CONVERSION = YES;
				CLANG_WARN_OBJC_ROOT_CLASS = YES_ERROR;
				CLANG_WARN_UNREACHABLE_CODE = YES;
				CLANG_WARN__DUPLICATE_METHOD_MATCH = YES;
				"CODE_SIGN_IDENTITY[sdk=iphoneos*]" = "iPhone Developer";
				COPY_PHASE_STRIP = NO;
				DEBUG_INFORMATION_FORMAT = "dwarf-with-dsym";
				ENABLE_NS_ASSERTIONS = NO;
				ENABLE_STRICT_OBJC_MSGSEND = YES;
				GCC_C_LANGUAGE_STANDARD = gnu99;
				GCC_NO_COMMON_BLOCKS = YES;
				GCC_WARN_64_TO_32_BIT_CONVERSION = YES;
				GCC_WARN_ABOUT_RETURN_TYPE = YES_ERROR;
				GCC_WARN_UNDECLARED_SELECTOR = YES;
				GCC_WARN_UNINITIALIZED_AUTOS = YES_AGGRESSIVE;
				GCC_WARN_UNUSED_FUNCTION = YES;
				GCC_WARN_UNUSED_VARIABLE = YES;
				IPHONEOS_DEPLOYMENT_TARGET = 8.3;
				MTL_ENABLE_DEBUG_INFO = NO;
				SDKROOT = iphoneos;
				TARGETED_DEVICE_FAMILY = "1,2";
				VALIDATE_PRODUCT = YES;
			};
			name = Release;
		};
		EA2393591B4666F10021FB0D /* Debug */ = {
			isa = XCBuildConfiguration;
			buildSettings = {
				ASSETCATALOG_COMPILER_APPICON_NAME = AppIcon;
				INFOPLIST_FILE = FDQRCodeScanDemo/Info.plist;
				LD_RUNPATH_SEARCH_PATHS = "$(inherited) @executable_path/Frameworks";
				PRODUCT_NAME = "$(TARGET_NAME)";
			};
			name = Debug;
		};
		EA23935A1B4666F10021FB0D /* Release */ = {
			isa = XCBuildConfiguration;
			buildSettings = {
				ASSETCATALOG_COMPILER_APPICON_NAME = AppIcon;
				INFOPLIST_FILE = FDQRCodeScanDemo/Info.plist;
				LD_RUNPATH_SEARCH_PATHS = "$(inherited) @executable_path/Frameworks";
				PRODUCT_NAME = "$(TARGET_NAME)";
			};
			name = Release;
		};
		EA23935C1B4666F10021FB0D /* Debug */ = {
			isa = XCBuildConfiguration;
			buildSettings = {
				BUNDLE_LOADER = "$(TEST_HOST)";
				FRAMEWORK_SEARCH_PATHS = (
					"$(SDKROOT)/Developer/Library/Frameworks",
					"$(inherited)",
				);
				GCC_PREPROCESSOR_DEFINITIONS = (
					"DEBUG=1",
					"$(inherited)",
				);
				INFOPLIST_FILE = FDQRCodeScanDemoTests/Info.plist;
				LD_RUNPATH_SEARCH_PATHS = "$(inherited) @executable_path/Frameworks @loader_path/Frameworks";
				PRODUCT_NAME = "$(TARGET_NAME)";
				TEST_HOST = "$(BUILT_PRODUCTS_DIR)/FDQRCodeScanDemo.app/FDQRCodeScanDemo";
			};
			name = Debug;
		};
		EA23935D1B4666F10021FB0D /* Release */ = {
			isa = XCBuildConfiguration;
			buildSettings = {
				BUNDLE_LOADER = "$(TEST_HOST)";
				FRAMEWORK_SEARCH_PATHS = (
					"$(SDKROOT)/Developer/Library/Frameworks",
					"$(inherited)",
				);
				INFOPLIST_FILE = FDQRCodeScanDemoTests/Info.plist;
				LD_RUNPATH_SEARCH_PATHS = "$(inherited) @executable_path/Frameworks @loader_path/Frameworks";
				PRODUCT_NAME = "$(TARGET_NAME)";
				TEST_HOST = "$(BUILT_PRODUCTS_DIR)/FDQRCodeScanDemo.app/FDQRCodeScanDemo";
			};
			name = Release;
		};
/* End XCBuildConfiguration section */

/* Begin XCConfigurationList section */
		EA2393301B4666F10021FB0D /* Build configuration list for PBXProject "FDQRCodeScanDemo" */ = {
			isa = XCConfigurationList;
			buildConfigurations = (
				EA2393561B4666F10021FB0D /* Debug */,
				EA2393571B4666F10021FB0D /* Release */,
			);
			defaultConfigurationIsVisible = 0;
			defaultConfigurationName = Release;
		};
		EA2393581B4666F10021FB0D /* Build configuration list for PBXNativeTarget "FDQRCodeScanDemo" */ = {
			isa = XCConfigurationList;
			buildConfigurations = (
				EA2393591B4666F10021FB0D /* Debug */,
				EA23935A1B4666F10021FB0D /* Release */,
			);
			defaultConfigurationIsVisible = 0;
		};
		EA23935B1B4666F10021FB0D /* Build configuration list for PBXNativeTarget "FDQRCodeScanDemoTests" */ = {
			isa = XCConfigurationList;
			buildConfigurations = (
				EA23935C1B4666F10021FB0D /* Debug */,
				EA23935D1B4666F10021FB0D /* Release */,
			);
			defaultConfigurationIsVisible = 0;
		};
/* End XCConfigurationList section */
	};
	rootObject = EA23932D1B4666F10021FB0D /* Project object */;
}
